PODS:
  - LocalNotificationManager (0.1.0)

DEPENDENCIES:
  - LocalNotificationManager (from `../`)

EXTERNAL SOURCES:
  LocalNotificationManager:
    :path: ../

SPEC CHECKSUMS:
  LocalNotificationManager: 2d6b6ee69762b0c6c519fc2483d087facd8ed00d

PODFILE CHECKSUM: 71c1e9c91dadb40b3bd5bd188f815cf33ae7c27f

COCOAPODS: 1.2.0
